{
  "version": 4,
  "terraform_version": "0.13.5",
  "serial": 5,
  "lineage": "5bb74cc1-51c4-e3f7-94d8-ac5c02ccb6d4",
  "outputs": {},
  "resources": [
    {
      "mode": "managed",
      "type": "aws_cognito_user_pool",
      "name": "pool",
      "provider": "provider[\"registry.terraform.io/hashicorp/aws\"]",
      "instances": [
        {
          "schema_version": 0,
          "attributes": {
            "admin_create_user_config": [
              {
                "allow_admin_create_user_only": false,
                "invite_message_template": []
              }
            ],
            "alias_attributes": null,
            "arn": "arn:aws:cognito-idp:eu-west-1:970541181154:userpool/eu-west-1_TlCPXkkTx",
            "auto_verified_attributes": null,
            "creation_date": "2020-11-19T13:09:45Z",
            "device_configuration": [],
            "email_configuration": [
              {
                "email_sending_account": "COGNITO_DEFAULT",
                "from_email_address": "",
                "reply_to_email_address": "",
                "source_arn": ""
              }
            ],
            "email_verification_message": null,
            "email_verification_subject": null,
            "endpoint": "cognito-idp.eu-west-1.amazonaws.com/eu-west-1_TlCPXkkTx",
            "id": "eu-west-1_TlCPXkkTx",
            "lambda_config": [
              {
                "create_auth_challenge": "",
                "custom_message": "",
                "define_auth_challenge": "",
                "post_authentication": "",
                "post_confirmation": "",
                "pre_authentication": "",
                "pre_sign_up": "",
                "pre_token_generation": "arn:aws:lambda:eu-west-1:970541181154:function:preTokenGenerationLambda",
                "user_migration": "",
                "verify_auth_challenge_response": ""
              }
            ],
            "last_modified_date": "2020-11-19T13:09:45Z",
            "mfa_configuration": "OFF",
            "name": "tf-pool",
            "password_policy": [
              {
                "minimum_length": 8,
                "require_lowercase": true,
                "require_numbers": true,
                "require_symbols": true,
                "require_uppercase": true,
                "temporary_password_validity_days": 7
              }
            ],
            "schema": [],
            "sms_authentication_message": null,
            "sms_configuration": [],
            "sms_verification_message": null,
            "software_token_mfa_configuration": [],
            "tags": null,
            "user_pool_add_ons": [],
            "username_attributes": null,
            "username_configuration": [],
            "verification_message_template": [
              {
                "default_email_option": "CONFIRM_WITH_CODE",
                "email_message": "",
                "email_message_by_link": "",
                "email_subject": "",
                "email_subject_by_link": "",
                "sms_message": ""
              }
            ]
          },
          "private": "bnVsbA=="
        }
      ]
    }
  ]
}
